
Microsoft Visual Studio Solution File, Format Version 12.00
# Visual Studio Version 17
VisualStudioVersion = 17.14.36429.23
MinimumVisualStudioVersion = 10.0.40219.1
Project("{2150E333-8FDC-42A3-9474-1A3956D46DE8}") = "src", "src", "{02EA681E-C7D8-13C7-8484-4AC65E1B71E8}"
EndProject
Project("{2150E333-8FDC-42A3-9474-1A3956D46DE8}") = "tests", "tests", "{3425C453-1254-40CB-BFB7-3DD8670BD328}"
EndProject
Project("{2150E333-8FDC-42A3-9474-1A3956D46DE8}") = "tools", "tools", "{5DA0BBE5-8450-4907-9B61-3D81E704AF16}"
EndProject
Project("{FAE04EC0-301F-11D3-BF4B-00C04F79EFBC}") = "Gateway.Api", "Gateway.Api\Gateway.Api.csproj", "{A8F34E86-2B30-4387-BDB5-BFF02D8CFAF2}"
EndProject
Project("{FAE04EC0-301F-11D3-BF4B-00C04F79EFBC}") = "Identity.Api", "services\Identity\Identity.Api\Identity.Api.csproj", "{6B3D8840-5368-47A6-8EC7-486F10A163BC}"
EndProject
Project("{2150E333-8FDC-42A3-9474-1A3956D46DE8}") = "gateway", "gateway", "{4307E21C-8D29-4FB7-B9FD-4CEE81ACCAA8}"
EndProject
Project("{2150E333-8FDC-42A3-9474-1A3956D46DE8}") = "services", "services", "{766BE377-CE6B-42C2-95E7-57A6825A447A}"
EndProject
Project("{2150E333-8FDC-42A3-9474-1A3956D46DE8}") = "Identity", "Identity", "{F2E7BBDB-6124-44B5-8C9E-0DFC658E9DE6}"
EndProject
Project("{2150E333-8FDC-42A3-9474-1A3956D46DE8}") = "KnowledgeBase", "KnowledgeBase", "{8F4D3114-21F6-490C-A80E-A872FDCB32D2}"
EndProject
Project("{FAE04EC0-301F-11D3-BF4B-00C04F79EFBC}") = "Identity.Application", "services\Identity\Identity.Application\Identity.Application.csproj", "{74DA98F4-4426-4533-A873-F0176803CAD6}"
EndProject
Project("{FAE04EC0-301F-11D3-BF4B-00C04F79EFBC}") = "Identity.Domain", "services\Identity\Identity.Domain\Identity.Domain.csproj", "{C17735FB-24E3-479F-8256-77483FCEE53B}"
EndProject
Project("{FAE04EC0-301F-11D3-BF4B-00C04F79EFBC}") = "Identity.Infrastructure", "services\Identity\Identity.Infrastructure\Identity.Infrastructure.csproj", "{627D4245-2DC2-47E2-AE2D-31A8BCB01A09}"
EndProject
Project("{FAE04EC0-301F-11D3-BF4B-00C04F79EFBC}") = "Identity.Contracts", "services\Identity\Identity.Contracts\Identity.Contracts.csproj", "{0B2759FF-8B76-4E5D-9D2C-470A8CBA3A82}"
EndProject
Project("{2150E333-8FDC-42A3-9474-1A3956D46DE8}") = "deploy", "deploy", "{62569C97-C863-411B-99C5-327BD0A39351}"
	ProjectSection(SolutionItems) = preProject
		docker-compose.yml = docker-compose.yml
	EndProjectSection
EndProject
Project("{2150E333-8FDC-42A3-9474-1A3956D46DE8}") = "Authentication", "Authentication", "{C850B9AE-C229-40BA-A7D7-14276A240110}"
EndProject
Project("{FAE04EC0-301F-11D3-BF4B-00C04F79EFBC}") = "Authentication.Application", "services\Authentication\Application\Authentication.Application.csproj", "{DCF8A038-3055-40B8-801F-563FE417FD27}"
EndProject
Project("{FAE04EC0-301F-11D3-BF4B-00C04F79EFBC}") = "Authentication.Infrastructure", "services\Authentication\Infrastructure\Authentication.Infrastructure.csproj", "{A48FA9B3-0B68-4C55-864F-5EA3C4F72451}"
EndProject
Project("{FAE04EC0-301F-11D3-BF4B-00C04F79EFBC}") = "Authentication.Domain", "services\Authentication\Domain\Authentication.Domain.csproj", "{50F1410B-8509-4F8B-B33A-C994575C6ABD}"
EndProject
Project("{FAE04EC0-301F-11D3-BF4B-00C04F79EFBC}") = "Authentication.API", "services\Authentication\API\Authentication.API.csproj", "{E7F32E97-DA35-4CF1-9D84-64F41CEC51EC}"
EndProject
Project("{FAE04EC0-301F-11D3-BF4B-00C04F79EFBC}") = "Authentication.Core", "services\Authentication\Core\Authentication.Core.csproj", "{4D5CDE62-EB00-4D09-AD71-8578503ED2E8}"
EndProject
Project("{2150E333-8FDC-42A3-9474-1A3956D46DE8}") = "cores", "cores", "{D61B89D7-52E5-4473-B697-B829FA2E1F43}"
EndProject
Project("{FAE04EC0-301F-11D3-BF4B-00C04F79EFBC}") = "Contracts", "cores\Contracts\Contracts.csproj", "{A9EE47F8-7184-4532-9EF0-454750DE8609}"
EndProject
Project("{FAE04EC0-301F-11D3-BF4B-00C04F79EFBC}") = "SharedLibrary", "cores\SharedLibrary\SharedLibrary.csproj", "{6CFDC706-130D-46C9-B172-B0769AF641C4}"
EndProject
Global
	GlobalSection(SolutionConfigurationPlatforms) = preSolution
		Debug|Any CPU = Debug|Any CPU
		Release|Any CPU = Release|Any CPU
	EndGlobalSection
	GlobalSection(ProjectConfigurationPlatforms) = postSolution
		{A8F34E86-2B30-4387-BDB5-BFF02D8CFAF2}.Debug|Any CPU.ActiveCfg = Debug|Any CPU
		{A8F34E86-2B30-4387-BDB5-BFF02D8CFAF2}.Debug|Any CPU.Build.0 = Debug|Any CPU
		{A8F34E86-2B30-4387-BDB5-BFF02D8CFAF2}.Release|Any CPU.ActiveCfg = Release|Any CPU
		{A8F34E86-2B30-4387-BDB5-BFF02D8CFAF2}.Release|Any CPU.Build.0 = Release|Any CPU
		{6B3D8840-5368-47A6-8EC7-486F10A163BC}.Debug|Any CPU.ActiveCfg = Debug|Any CPU
		{6B3D8840-5368-47A6-8EC7-486F10A163BC}.Debug|Any CPU.Build.0 = Debug|Any CPU
		{6B3D8840-5368-47A6-8EC7-486F10A163BC}.Release|Any CPU.ActiveCfg = Release|Any CPU
		{6B3D8840-5368-47A6-8EC7-486F10A163BC}.Release|Any CPU.Build.0 = Release|Any CPU
		{74DA98F4-4426-4533-A873-F0176803CAD6}.Debug|Any CPU.ActiveCfg = Debug|Any CPU
		{74DA98F4-4426-4533-A873-F0176803CAD6}.Debug|Any CPU.Build.0 = Debug|Any CPU
		{74DA98F4-4426-4533-A873-F0176803CAD6}.Release|Any CPU.ActiveCfg = Release|Any CPU
		{74DA98F4-4426-4533-A873-F0176803CAD6}.Release|Any CPU.Build.0 = Release|Any CPU
		{C17735FB-24E3-479F-8256-77483FCEE53B}.Debug|Any CPU.ActiveCfg = Debug|Any CPU
		{C17735FB-24E3-479F-8256-77483FCEE53B}.Debug|Any CPU.Build.0 = Debug|Any CPU
		{C17735FB-24E3-479F-8256-77483FCEE53B}.Release|Any CPU.ActiveCfg = Release|Any CPU
		{C17735FB-24E3-479F-8256-77483FCEE53B}.Release|Any CPU.Build.0 = Release|Any CPU
		{627D4245-2DC2-47E2-AE2D-31A8BCB01A09}.Debug|Any CPU.ActiveCfg = Debug|Any CPU
		{627D4245-2DC2-47E2-AE2D-31A8BCB01A09}.Debug|Any CPU.Build.0 = Debug|Any CPU
		{627D4245-2DC2-47E2-AE2D-31A8BCB01A09}.Release|Any CPU.ActiveCfg = Release|Any CPU
		{627D4245-2DC2-47E2-AE2D-31A8BCB01A09}.Release|Any CPU.Build.0 = Release|Any CPU
		{0B2759FF-8B76-4E5D-9D2C-470A8CBA3A82}.Debug|Any CPU.ActiveCfg = Debug|Any CPU
		{0B2759FF-8B76-4E5D-9D2C-470A8CBA3A82}.Debug|Any CPU.Build.0 = Debug|Any CPU
		{0B2759FF-8B76-4E5D-9D2C-470A8CBA3A82}.Release|Any CPU.ActiveCfg = Release|Any CPU
		{0B2759FF-8B76-4E5D-9D2C-470A8CBA3A82}.Release|Any CPU.Build.0 = Release|Any CPU
		{DCF8A038-3055-40B8-801F-563FE417FD27}.Debug|Any CPU.ActiveCfg = Debug|Any CPU
		{DCF8A038-3055-40B8-801F-563FE417FD27}.Debug|Any CPU.Build.0 = Debug|Any CPU
		{DCF8A038-3055-40B8-801F-563FE417FD27}.Release|Any CPU.ActiveCfg = Release|Any CPU
		{DCF8A038-3055-40B8-801F-563FE417FD27}.Release|Any CPU.Build.0 = Release|Any CPU
		{A48FA9B3-0B68-4C55-864F-5EA3C4F72451}.Debug|Any CPU.ActiveCfg = Debug|Any CPU
		{A48FA9B3-0B68-4C55-864F-5EA3C4F72451}.Debug|Any CPU.Build.0 = Debug|Any CPU
		{A48FA9B3-0B68-4C55-864F-5EA3C4F72451}.Release|Any CPU.ActiveCfg = Release|Any CPU
		{A48FA9B3-0B68-4C55-864F-5EA3C4F72451}.Release|Any CPU.Build.0 = Release|Any CPU
		{50F1410B-8509-4F8B-B33A-C994575C6ABD}.Debug|Any CPU.ActiveCfg = Debug|Any CPU
		{50F1410B-8509-4F8B-B33A-C994575C6ABD}.Debug|Any CPU.Build.0 = Debug|Any CPU
		{50F1410B-8509-4F8B-B33A-C994575C6ABD}.Release|Any CPU.ActiveCfg = Release|Any CPU
		{50F1410B-8509-4F8B-B33A-C994575C6ABD}.Release|Any CPU.Build.0 = Release|Any CPU
		{E7F32E97-DA35-4CF1-9D84-64F41CEC51EC}.Debug|Any CPU.ActiveCfg = Debug|Any CPU
		{E7F32E97-DA35-4CF1-9D84-64F41CEC51EC}.Debug|Any CPU.Build.0 = Debug|Any CPU
		{E7F32E97-DA35-4CF1-9D84-64F41CEC51EC}.Release|Any CPU.ActiveCfg = Release|Any CPU
		{E7F32E97-DA35-4CF1-9D84-64F41CEC51EC}.Release|Any CPU.Build.0 = Release|Any CPU
		{4D5CDE62-EB00-4D09-AD71-8578503ED2E8}.Debug|Any CPU.ActiveCfg = Debug|Any CPU
		{4D5CDE62-EB00-4D09-AD71-8578503ED2E8}.Debug|Any CPU.Build.0 = Debug|Any CPU
		{4D5CDE62-EB00-4D09-AD71-8578503ED2E8}.Release|Any CPU.ActiveCfg = Release|Any CPU
		{4D5CDE62-EB00-4D09-AD71-8578503ED2E8}.Release|Any CPU.Build.0 = Release|Any CPU
		{A9EE47F8-7184-4532-9EF0-454750DE8609}.Debug|Any CPU.ActiveCfg = Debug|Any CPU
		{A9EE47F8-7184-4532-9EF0-454750DE8609}.Debug|Any CPU.Build.0 = Debug|Any CPU
		{A9EE47F8-7184-4532-9EF0-454750DE8609}.Release|Any CPU.ActiveCfg = Release|Any CPU
		{A9EE47F8-7184-4532-9EF0-454750DE8609}.Release|Any CPU.Build.0 = Release|Any CPU
		{6CFDC706-130D-46C9-B172-B0769AF641C4}.Debug|Any CPU.ActiveCfg = Debug|Any CPU
		{6CFDC706-130D-46C9-B172-B0769AF641C4}.Debug|Any CPU.Build.0 = Debug|Any CPU
		{6CFDC706-130D-46C9-B172-B0769AF641C4}.Release|Any CPU.ActiveCfg = Release|Any CPU
		{6CFDC706-130D-46C9-B172-B0769AF641C4}.Release|Any CPU.Build.0 = Release|Any CPU
	EndGlobalSection
	GlobalSection(SolutionProperties) = preSolution
		HideSolutionNode = FALSE
	EndGlobalSection
	GlobalSection(NestedProjects) = preSolution
		{A8F34E86-2B30-4387-BDB5-BFF02D8CFAF2} = {4307E21C-8D29-4FB7-B9FD-4CEE81ACCAA8}
		{6B3D8840-5368-47A6-8EC7-486F10A163BC} = {F2E7BBDB-6124-44B5-8C9E-0DFC658E9DE6}
		{4307E21C-8D29-4FB7-B9FD-4CEE81ACCAA8} = {02EA681E-C7D8-13C7-8484-4AC65E1B71E8}
		{766BE377-CE6B-42C2-95E7-57A6825A447A} = {02EA681E-C7D8-13C7-8484-4AC65E1B71E8}
		{F2E7BBDB-6124-44B5-8C9E-0DFC658E9DE6} = {766BE377-CE6B-42C2-95E7-57A6825A447A}
		{8F4D3114-21F6-490C-A80E-A872FDCB32D2} = {766BE377-CE6B-42C2-95E7-57A6825A447A}
		{74DA98F4-4426-4533-A873-F0176803CAD6} = {F2E7BBDB-6124-44B5-8C9E-0DFC658E9DE6}
		{C17735FB-24E3-479F-8256-77483FCEE53B} = {F2E7BBDB-6124-44B5-8C9E-0DFC658E9DE6}
		{627D4245-2DC2-47E2-AE2D-31A8BCB01A09} = {F2E7BBDB-6124-44B5-8C9E-0DFC658E9DE6}
		{0B2759FF-8B76-4E5D-9D2C-470A8CBA3A82} = {F2E7BBDB-6124-44B5-8C9E-0DFC658E9DE6}
		{C850B9AE-C229-40BA-A7D7-14276A240110} = {766BE377-CE6B-42C2-95E7-57A6825A447A}
		{DCF8A038-3055-40B8-801F-563FE417FD27} = {C850B9AE-C229-40BA-A7D7-14276A240110}
		{A48FA9B3-0B68-4C55-864F-5EA3C4F72451} = {C850B9AE-C229-40BA-A7D7-14276A240110}
		{50F1410B-8509-4F8B-B33A-C994575C6ABD} = {C850B9AE-C229-40BA-A7D7-14276A240110}
		{E7F32E97-DA35-4CF1-9D84-64F41CEC51EC} = {C850B9AE-C229-40BA-A7D7-14276A240110}
		{4D5CDE62-EB00-4D09-AD71-8578503ED2E8} = {C850B9AE-C229-40BA-A7D7-14276A240110}
		{D61B89D7-52E5-4473-B697-B829FA2E1F43} = {02EA681E-C7D8-13C7-8484-4AC65E1B71E8}
		{A9EE47F8-7184-4532-9EF0-454750DE8609} = {D61B89D7-52E5-4473-B697-B829FA2E1F43}
		{6CFDC706-130D-46C9-B172-B0769AF641C4} = {D61B89D7-52E5-4473-B697-B829FA2E1F43}
	EndGlobalSection
	GlobalSection(ExtensibilityGlobals) = postSolution
		SolutionGuid = {0942A5BE-651E-4574-94DD-19E53F97B171}
	EndGlobalSection
EndGlobal
