
Microsoft Visual Studio Solution File, Format Version 12.00
# Visual Studio Version 17
VisualStudioVersion = 17.14.36429.23
MinimumVisualStudioVersion = 10.0.40219.1
Project("{2150E333-8FDC-42A3-9474-1A3956D46DE8}") = "src", "src", "{02EA681E-C7D8-13C7-8484-4AC65E1B71E8}"
EndProject
Project("{2150E333-8FDC-42A3-9474-1A3956D46DE8}") = "tests", "tests", "{3425C453-1254-40CB-BFB7-3DD8670BD328}"
EndProject
Project("{2150E333-8FDC-42A3-9474-1A3956D46DE8}") = "tools", "tools", "{5DA0BBE5-8450-4907-9B61-3D81E704AF16}"
EndProject
Project("{FAE04EC0-301F-11D3-BF4B-00C04F79EFBC}") = "Gateway.Api", "Gateway.Api\Gateway.Api.csproj", "{A8F34E86-2B30-4387-BDB5-BFF02D8CFAF2}"
EndProject
Project("{2150E333-8FDC-42A3-9474-1A3956D46DE8}") = "gateway", "gateway", "{4307E21C-8D29-4FB7-B9FD-4CEE81ACCAA8}"
EndProject
Project("{2150E333-8FDC-42A3-9474-1A3956D46DE8}") = "services", "services", "{766BE377-CE6B-42C2-95E7-57A6825A447A}"
EndProject
Project("{2150E333-8FDC-42A3-9474-1A3956D46DE8}") = "KnowledgeBase", "KnowledgeBase", "{8F4D3114-21F6-490C-A80E-A872FDCB32D2}"
EndProject
Project("{2150E333-8FDC-42A3-9474-1A3956D46DE8}") = "deploy", "deploy", "{62569C97-C863-411B-99C5-327BD0A39351}"
	ProjectSection(SolutionItems) = preProject
		docker-compose.yml = docker-compose.yml
	EndProjectSection
EndProject
Project("{2150E333-8FDC-42A3-9474-1A3956D46DE8}") = "Authentication", "Authentication", "{C850B9AE-C229-40BA-A7D7-14276A240110}"
EndProject
Project("{2150E333-8FDC-42A3-9474-1A3956D46DE8}") = "cores", "cores", "{D61B89D7-52E5-4473-B697-B829FA2E1F43}"
EndProject
Project("{FAE04EC0-301F-11D3-BF4B-00C04F79EFBC}") = "Contracts", "cores\Contracts\Contracts.csproj", "{A9EE47F8-7184-4532-9EF0-454750DE8609}"
EndProject
Project("{FAE04EC0-301F-11D3-BF4B-00C04F79EFBC}") = "SharedLibrary", "cores\SharedLibrary\SharedLibrary.csproj", "{6CFDC706-130D-46C9-B172-B0769AF641C4}"
EndProject
Project("{2150E333-8FDC-42A3-9474-1A3956D46DE8}") = "Course", "Course", "{5B067039-1005-4B77-9CD4-24E112DDBD55}"
EndProject
Project("{FAE04EC0-301F-11D3-BF4B-00C04F79EFBC}") = "Course.Api", "services\Course\Course.Api\Course.Api.csproj", "{D435D889-9A57-4FDF-AD5E-E1C4B9519A5A}"
EndProject
Project("{FAE04EC0-301F-11D3-BF4B-00C04F79EFBC}") = "Course.Application", "services\Course\Course.Application\Course.Application.csproj", "{0A97C296-C7FC-4731-9DC9-B6F21EC45BF5}"
EndProject
Project("{FAE04EC0-301F-11D3-BF4B-00C04F79EFBC}") = "Course.Domain", "services\Course\Course.Domain\Course.Domain.csproj", "{975B250F-E1C1-45C0-9209-0592EBFF7E46}"
EndProject
Project("{FAE04EC0-301F-11D3-BF4B-00C04F79EFBC}") = "Course.Infrastructure", "services\Course\Course.Infrastructure\Course.Infrastructure.csproj", "{410F5505-B6C7-4D28-A4B4-48C605DFC687}"
EndProject
Project("{2150E333-8FDC-42A3-9474-1A3956D46DE8}") = "ChatBot", "ChatBot", "{764E37B1-AE32-4C0B-B490-AE1EB16318E8}"
EndProject
Project("{FAE04EC0-301F-11D3-BF4B-00C04F79EFBC}") = "Authentication.API", "services\Authentication\Authentication.API\Authentication.API.csproj", "{BD0B540A-DC76-103D-928D-CE24167BB21B}"
EndProject
Project("{FAE04EC0-301F-11D3-BF4B-00C04F79EFBC}") = "Authentication.Application", "services\Authentication\Authentication.Application\Authentication.Application.csproj", "{A67BC5D2-1FEA-0E1E-657C-3CDD2F8CACE1}"
EndProject
Project("{FAE04EC0-301F-11D3-BF4B-00C04F79EFBC}") = "Authentication.Core", "services\Authentication\Authentication.Core\Authentication.Core.csproj", "{785BC69F-96A4-DEFA-793B-846327753072}"
EndProject
Project("{FAE04EC0-301F-11D3-BF4B-00C04F79EFBC}") = "Authentication.Domain", "services\Authentication\Authentication.Domain\Authentication.Domain.csproj", "{7873D291-3BBB-DE2C-A5D9-103906E771AF}"
EndProject
Project("{FAE04EC0-301F-11D3-BF4B-00C04F79EFBC}") = "Authentication.Infrastructure", "services\Authentication\Authentication.Infrastructure\Authentication.Infrastructure.csproj", "{58112CDE-E641-66E5-EBF8-726A7F289360}"
EndProject
Project("{FAE04EC0-301F-11D3-BF4B-00C04F79EFBC}") = "AIChatBot.Api", "services\ChatBot\AIChatBot.Api\AIChatBot.Api.csproj", "{D172B6C5-1393-C77C-261D-FF729FAF411B}"
EndProject
Project("{FAE04EC0-301F-11D3-BF4B-00C04F79EFBC}") = "AiChatBot.Application", "services\ChatBot\AiChatBot.Application\AiChatBot.Application.csproj", "{DC533616-079E-919A-88C5-34C35B3ABAFF}"
EndProject
Project("{FAE04EC0-301F-11D3-BF4B-00C04F79EFBC}") = "AiChatBot.Domain", "services\ChatBot\AiChatBot.Domain\AiChatBot.Domain.csproj", "{A3832D82-BB36-0E92-4E5C-C48C60F5F12C}"
EndProject
Project("{FAE04EC0-301F-11D3-BF4B-00C04F79EFBC}") = "AiChatBot.Infrastructure", "services\ChatBot\AiChatBot.Infrastructure\AiChatBot.Infrastructure.csproj", "{46F8F06E-5DEC-A4BC-4690-B9E332346DAF}"
EndProject
Global
	GlobalSection(SolutionConfigurationPlatforms) = preSolution
		Debug|Any CPU = Debug|Any CPU
		Release|Any CPU = Release|Any CPU
	EndGlobalSection
	GlobalSection(ProjectConfigurationPlatforms) = postSolution
		{A8F34E86-2B30-4387-BDB5-BFF02D8CFAF2}.Debug|Any CPU.ActiveCfg = Debug|Any CPU
		{A8F34E86-2B30-4387-BDB5-BFF02D8CFAF2}.Debug|Any CPU.Build.0 = Debug|Any CPU
		{A8F34E86-2B30-4387-BDB5-BFF02D8CFAF2}.Release|Any CPU.ActiveCfg = Release|Any CPU
		{A8F34E86-2B30-4387-BDB5-BFF02D8CFAF2}.Release|Any CPU.Build.0 = Release|Any CPU
		{A9EE47F8-7184-4532-9EF0-454750DE8609}.Debug|Any CPU.ActiveCfg = Debug|Any CPU
		{A9EE47F8-7184-4532-9EF0-454750DE8609}.Debug|Any CPU.Build.0 = Debug|Any CPU
		{A9EE47F8-7184-4532-9EF0-454750DE8609}.Release|Any CPU.ActiveCfg = Release|Any CPU
		{A9EE47F8-7184-4532-9EF0-454750DE8609}.Release|Any CPU.Build.0 = Release|Any CPU
		{6CFDC706-130D-46C9-B172-B0769AF641C4}.Debug|Any CPU.ActiveCfg = Debug|Any CPU
		{6CFDC706-130D-46C9-B172-B0769AF641C4}.Debug|Any CPU.Build.0 = Debug|Any CPU
		{6CFDC706-130D-46C9-B172-B0769AF641C4}.Release|Any CPU.ActiveCfg = Release|Any CPU
		{6CFDC706-130D-46C9-B172-B0769AF641C4}.Release|Any CPU.Build.0 = Release|Any CPU
		{D435D889-9A57-4FDF-AD5E-E1C4B9519A5A}.Debug|Any CPU.ActiveCfg = Debug|Any CPU
		{D435D889-9A57-4FDF-AD5E-E1C4B9519A5A}.Debug|Any CPU.Build.0 = Debug|Any CPU
		{D435D889-9A57-4FDF-AD5E-E1C4B9519A5A}.Release|Any CPU.ActiveCfg = Release|Any CPU
		{D435D889-9A57-4FDF-AD5E-E1C4B9519A5A}.Release|Any CPU.Build.0 = Release|Any CPU
		{0A97C296-C7FC-4731-9DC9-B6F21EC45BF5}.Debug|Any CPU.ActiveCfg = Debug|Any CPU
		{0A97C296-C7FC-4731-9DC9-B6F21EC45BF5}.Debug|Any CPU.Build.0 = Debug|Any CPU
		{0A97C296-C7FC-4731-9DC9-B6F21EC45BF5}.Release|Any CPU.ActiveCfg = Release|Any CPU
		{0A97C296-C7FC-4731-9DC9-B6F21EC45BF5}.Release|Any CPU.Build.0 = Release|Any CPU
		{975B250F-E1C1-45C0-9209-0592EBFF7E46}.Debug|Any CPU.ActiveCfg = Debug|Any CPU
		{975B250F-E1C1-45C0-9209-0592EBFF7E46}.Debug|Any CPU.Build.0 = Debug|Any CPU
		{975B250F-E1C1-45C0-9209-0592EBFF7E46}.Release|Any CPU.ActiveCfg = Release|Any CPU
		{975B250F-E1C1-45C0-9209-0592EBFF7E46}.Release|Any CPU.Build.0 = Release|Any CPU
		{410F5505-B6C7-4D28-A4B4-48C605DFC687}.Debug|Any CPU.ActiveCfg = Debug|Any CPU
		{410F5505-B6C7-4D28-A4B4-48C605DFC687}.Debug|Any CPU.Build.0 = Debug|Any CPU
		{410F5505-B6C7-4D28-A4B4-48C605DFC687}.Release|Any CPU.ActiveCfg = Release|Any CPU
		{410F5505-B6C7-4D28-A4B4-48C605DFC687}.Release|Any CPU.Build.0 = Release|Any CPU
		{BD0B540A-DC76-103D-928D-CE24167BB21B}.Debug|Any CPU.ActiveCfg = Debug|Any CPU
		{BD0B540A-DC76-103D-928D-CE24167BB21B}.Debug|Any CPU.Build.0 = Debug|Any CPU
		{BD0B540A-DC76-103D-928D-CE24167BB21B}.Release|Any CPU.ActiveCfg = Release|Any CPU
		{BD0B540A-DC76-103D-928D-CE24167BB21B}.Release|Any CPU.Build.0 = Release|Any CPU
		{A67BC5D2-1FEA-0E1E-657C-3CDD2F8CACE1}.Debug|Any CPU.ActiveCfg = Debug|Any CPU
		{A67BC5D2-1FEA-0E1E-657C-3CDD2F8CACE1}.Debug|Any CPU.Build.0 = Debug|Any CPU
		{A67BC5D2-1FEA-0E1E-657C-3CDD2F8CACE1}.Release|Any CPU.ActiveCfg = Release|Any CPU
		{A67BC5D2-1FEA-0E1E-657C-3CDD2F8CACE1}.Release|Any CPU.Build.0 = Release|Any CPU
		{785BC69F-96A4-DEFA-793B-846327753072}.Debug|Any CPU.ActiveCfg = Debug|Any CPU
		{785BC69F-96A4-DEFA-793B-846327753072}.Debug|Any CPU.Build.0 = Debug|Any CPU
		{785BC69F-96A4-DEFA-793B-846327753072}.Release|Any CPU.ActiveCfg = Release|Any CPU
		{785BC69F-96A4-DEFA-793B-846327753072}.Release|Any CPU.Build.0 = Release|Any CPU
		{7873D291-3BBB-DE2C-A5D9-103906E771AF}.Debug|Any CPU.ActiveCfg = Debug|Any CPU
		{7873D291-3BBB-DE2C-A5D9-103906E771AF}.Debug|Any CPU.Build.0 = Debug|Any CPU
		{7873D291-3BBB-DE2C-A5D9-103906E771AF}.Release|Any CPU.ActiveCfg = Release|Any CPU
		{7873D291-3BBB-DE2C-A5D9-103906E771AF}.Release|Any CPU.Build.0 = Release|Any CPU
		{58112CDE-E641-66E5-EBF8-726A7F289360}.Debug|Any CPU.ActiveCfg = Debug|Any CPU
		{58112CDE-E641-66E5-EBF8-726A7F289360}.Debug|Any CPU.Build.0 = Debug|Any CPU
		{58112CDE-E641-66E5-EBF8-726A7F289360}.Release|Any CPU.ActiveCfg = Release|Any CPU
		{58112CDE-E641-66E5-EBF8-726A7F289360}.Release|Any CPU.Build.0 = Release|Any CPU
		{D172B6C5-1393-C77C-261D-FF729FAF411B}.Debug|Any CPU.ActiveCfg = Debug|Any CPU
		{D172B6C5-1393-C77C-261D-FF729FAF411B}.Debug|Any CPU.Build.0 = Debug|Any CPU
		{D172B6C5-1393-C77C-261D-FF729FAF411B}.Release|Any CPU.ActiveCfg = Release|Any CPU
		{D172B6C5-1393-C77C-261D-FF729FAF411B}.Release|Any CPU.Build.0 = Release|Any CPU
		{DC533616-079E-919A-88C5-34C35B3ABAFF}.Debug|Any CPU.ActiveCfg = Debug|Any CPU
		{DC533616-079E-919A-88C5-34C35B3ABAFF}.Debug|Any CPU.Build.0 = Debug|Any CPU
		{DC533616-079E-919A-88C5-34C35B3ABAFF}.Release|Any CPU.ActiveCfg = Release|Any CPU
		{DC533616-079E-919A-88C5-34C35B3ABAFF}.Release|Any CPU.Build.0 = Release|Any CPU
		{A3832D82-BB36-0E92-4E5C-C48C60F5F12C}.Debug|Any CPU.ActiveCfg = Debug|Any CPU
		{A3832D82-BB36-0E92-4E5C-C48C60F5F12C}.Debug|Any CPU.Build.0 = Debug|Any CPU
		{A3832D82-BB36-0E92-4E5C-C48C60F5F12C}.Release|Any CPU.ActiveCfg = Release|Any CPU
		{A3832D82-BB36-0E92-4E5C-C48C60F5F12C}.Release|Any CPU.Build.0 = Release|Any CPU
		{46F8F06E-5DEC-A4BC-4690-B9E332346DAF}.Debug|Any CPU.ActiveCfg = Debug|Any CPU
		{46F8F06E-5DEC-A4BC-4690-B9E332346DAF}.Debug|Any CPU.Build.0 = Debug|Any CPU
		{46F8F06E-5DEC-A4BC-4690-B9E332346DAF}.Release|Any CPU.ActiveCfg = Release|Any CPU
		{46F8F06E-5DEC-A4BC-4690-B9E332346DAF}.Release|Any CPU.Build.0 = Release|Any CPU
	EndGlobalSection
	GlobalSection(SolutionProperties) = preSolution
		HideSolutionNode = FALSE
	EndGlobalSection
	GlobalSection(NestedProjects) = preSolution
		{A8F34E86-2B30-4387-BDB5-BFF02D8CFAF2} = {4307E21C-8D29-4FB7-B9FD-4CEE81ACCAA8}
		{4307E21C-8D29-4FB7-B9FD-4CEE81ACCAA8} = {02EA681E-C7D8-13C7-8484-4AC65E1B71E8}
		{766BE377-CE6B-42C2-95E7-57A6825A447A} = {02EA681E-C7D8-13C7-8484-4AC65E1B71E8}
		{8F4D3114-21F6-490C-A80E-A872FDCB32D2} = {766BE377-CE6B-42C2-95E7-57A6825A447A}
		{C850B9AE-C229-40BA-A7D7-14276A240110} = {766BE377-CE6B-42C2-95E7-57A6825A447A}
		{D61B89D7-52E5-4473-B697-B829FA2E1F43} = {02EA681E-C7D8-13C7-8484-4AC65E1B71E8}
		{A9EE47F8-7184-4532-9EF0-454750DE8609} = {D61B89D7-52E5-4473-B697-B829FA2E1F43}
		{6CFDC706-130D-46C9-B172-B0769AF641C4} = {D61B89D7-52E5-4473-B697-B829FA2E1F43}
		{5B067039-1005-4B77-9CD4-24E112DDBD55} = {766BE377-CE6B-42C2-95E7-57A6825A447A}
		{D435D889-9A57-4FDF-AD5E-E1C4B9519A5A} = {5B067039-1005-4B77-9CD4-24E112DDBD55}
		{0A97C296-C7FC-4731-9DC9-B6F21EC45BF5} = {5B067039-1005-4B77-9CD4-24E112DDBD55}
		{975B250F-E1C1-45C0-9209-0592EBFF7E46} = {5B067039-1005-4B77-9CD4-24E112DDBD55}
		{410F5505-B6C7-4D28-A4B4-48C605DFC687} = {5B067039-1005-4B77-9CD4-24E112DDBD55}
		{764E37B1-AE32-4C0B-B490-AE1EB16318E8} = {766BE377-CE6B-42C2-95E7-57A6825A447A}
		{BD0B540A-DC76-103D-928D-CE24167BB21B} = {C850B9AE-C229-40BA-A7D7-14276A240110}
		{A67BC5D2-1FEA-0E1E-657C-3CDD2F8CACE1} = {C850B9AE-C229-40BA-A7D7-14276A240110}
		{785BC69F-96A4-DEFA-793B-846327753072} = {C850B9AE-C229-40BA-A7D7-14276A240110}
		{7873D291-3BBB-DE2C-A5D9-103906E771AF} = {C850B9AE-C229-40BA-A7D7-14276A240110}
		{58112CDE-E641-66E5-EBF8-726A7F289360} = {C850B9AE-C229-40BA-A7D7-14276A240110}
		{D172B6C5-1393-C77C-261D-FF729FAF411B} = {764E37B1-AE32-4C0B-B490-AE1EB16318E8}
		{DC533616-079E-919A-88C5-34C35B3ABAFF} = {764E37B1-AE32-4C0B-B490-AE1EB16318E8}
		{A3832D82-BB36-0E92-4E5C-C48C60F5F12C} = {764E37B1-AE32-4C0B-B490-AE1EB16318E8}
		{46F8F06E-5DEC-A4BC-4690-B9E332346DAF} = {764E37B1-AE32-4C0B-B490-AE1EB16318E8}
	EndGlobalSection
	GlobalSection(ExtensibilityGlobals) = postSolution
		SolutionGuid = {0942A5BE-651E-4574-94DD-19E53F97B171}
	EndGlobalSection
EndGlobal
